
Microsoft Visual Studio Solution File, Format Version 12.00
# Visual Studio Version 17
VisualStudioVersion = 17.0.31903.59
MinimumVisualStudioVersion = 10.0.40219.1
Project("{FAE04EC0-301F-11D3-BF4B-00C04F79EFBC}") = "projectAqeel", "projectAqeel.csproj", "{7D9A65D2-531E-404B-8E08-BB405D6538F9}"
EndProject
Global
	GlobalSection(SolutionConfigurationPlatforms) = preSolution
		Debug|Any CPU = Debug|Any CPU
		Release|Any CPU = Release|Any CPU
	EndGlobalSection
	GlobalSection(ProjectConfigurationPlatforms) = postSolution
		{7D9A65D2-531E-404B-8E08-BB405D6538F9}.Debug|Any CPU.ActiveCfg = Debug|Any CPU
		{7D9A65D2-531E-404B-8E08-BB405D6538F9}.Debug|Any CPU.Build.0 = Debug|Any CPU
		{7D9A65D2-531E-404B-8E08-BB405D6538F9}.Release|Any CPU.ActiveCfg = Release|Any CPU
		{7D9A65D2-531E-404B-8E08-BB405D6538F9}.Release|Any CPU.Build.0 = Release|Any CPU
	EndGlobalSection
	GlobalSection(SolutionProperties) = preSolution
		HideSolutionNode = FALSE
	EndGlobalSection
	GlobalSection(ExtensibilityGlobals) = postSolution
		SolutionGuid = {44704FE3-9686-4E14-BBFB-C2D5A965C71D}
	EndGlobalSection
EndGlobal
